
Microsoft Visual Studio Solution File, Format Version 12.00
# Visual Studio Version 17
VisualStudioVersion = 17.9.34701.34
MinimumVisualStudioVersion = 10.0.40219.1
Project("{9A19103F-16F7-4668-BE54-9A1E7A4F7556}") = "DouYin.DownLoader", "DouYin.DownLoader\DouYin.DownLoader.csproj", "{4644191D-195D-4910-927D-62C90AFA8151}"
EndProject
Global
	GlobalSection(SolutionConfigurationPlatforms) = preSolution
		Debug|Any CPU = Debug|Any CPU
		Release|Any CPU = Release|Any CPU
	EndGlobalSection
	GlobalSection(ProjectConfigurationPlatforms) = postSolution
		{4644191D-195D-4910-927D-62C90AFA8151}.Debug|Any CPU.ActiveCfg = Debug|Any CPU
		{4644191D-195D-4910-927D-62C90AFA8151}.Debug|Any CPU.Build.0 = Debug|Any CPU
		{4644191D-195D-4910-927D-62C90AFA8151}.Release|Any CPU.ActiveCfg = Release|Any CPU
		{4644191D-195D-4910-927D-62C90AFA8151}.Release|Any CPU.Build.0 = Release|Any CPU
	EndGlobalSection
	GlobalSection(SolutionProperties) = preSolution
		HideSolutionNode = FALSE
	EndGlobalSection
	GlobalSection(ExtensibilityGlobals) = postSolution
		SolutionGuid = {7D74FEA9-159D-4BB6-B7A7-14CBE10F0401}
	EndGlobalSection
EndGlobal
